{
  "name": "bancoz",
  "lockfileVersion": 3,
  "requires": true,
  "packages": {
    "": {
      "dependencies": {
        "bancoz": "^2.2.8"
      }
    },
    "node_modules/bancoz": {
      "version": "2.2.8",
      "resolved": "https://registry.npmjs.org/bancoz/-/bancoz-2.2.8.tgz",
      "integrity": "sha512-+bq/5m/9uEXMrFVJzQwIO4K7G3fZwbZF9CvxRDMrVAjBJRssgkAxIzAGcXjCbujcAxImeUlGCDwgQBVeGb1KBg==",
      "bin": {
        "bancoz": "cli.js",
        "bancoz-view-cache": "cli-view-cache.js"
      }
    }
  }
}
